{
  "name": "graft",
  "lockfileVersion": 2,
  "requires": true,
  "packages": {
    "": {
      "workspaces": [
        "web"
      ]
    },
    "node_modules/@rollup/plugin-node-resolve": {
      "version": "13.0.2",
      "resolved": "https://registry.npmjs.org/@rollup/plugin-node-resolve/-/plugin-node-resolve-13.0.2.tgz",
      "integrity": "sha512-hv+eAMcA2hQ7qvPVcXbtIyc0dtue4jMyA2sCW4IMkrmh+SeDDEHg1MXTv65VPpKdtjvWzN3+4mHAEl4rT+zgzQ==",
      "dev": true,
      "dependencies": {
        "@rollup/pluginutils": "^3.1.0",
        "@types/resolve": "1.17.1",
        "builtin-modules": "^3.1.0",
        "deepmerge": "^4.2.2",
        "is-module": "^1.0.0",
        "resolve": "^1.19.0"
      },
      "engines": {
        "node": ">= 10.0.0"
      },
      "peerDependencies": {
        "rollup": "^2.42.0"
      }
    },
    "node_modules/@rollup/pluginutils": {
      "version": "3.1.0",
      "resolved": "https://registry.npmjs.org/@rollup/pluginutils/-/pluginutils-3.1.0.tgz",
      "integrity": "sha512-GksZ6pr6TpIjHm8h9lSQ8pi8BE9VeubNT0OMJ3B5uZJ8pz73NPiqOtCog/x2/QzM1ENChPKxMDhiQuRHsqc+lg==",
      "dev": true,
      "dependencies": {
        "@types/estree": "0.0.39",
        "estree-walker": "^1.0.1",
        "picomatch": "^2.2.2"
      },
      "engines": {
        "node": ">= 8.0.0"
      },
      "peerDependencies": {
        "rollup": "^1.20.0||^2.0.0"
      }
    },
    "node_modules/@types/estree": {
      "version": "0.0.39",
      "resolved": "https://registry.npmjs.org/@types/estree/-/estree-0.0.39.tgz",
      "integrity": "sha512-EYNwp3bU+98cpU4lAWYYL7Zz+2gryWH1qbdDTidVd6hkiR6weksdbMadyXKXNPEkQFhXM+hVO9ZygomHXp+AIw==",
      "dev": true
    },
    "node_modules/@types/node": {
      "version": "16.3.3",
      "resolved": "https://registry.npmjs.org/@types/node/-/node-16.3.3.tgz",
      "integrity": "sha512-8h7k1YgQKxKXWckzFCMfsIwn0Y61UK6tlD6y2lOb3hTOIMlK3t9/QwHOhc81TwU+RMf0As5fj7NPjroERCnejQ==",
      "dev": true
    },
    "node_modules/@types/resolve": {
      "version": "1.17.1",
      "resolved": "https://registry.npmjs.org/@types/resolve/-/resolve-1.17.1.tgz",
      "integrity": "sha512-yy7HuzQhj0dhGpD8RLXSZWEkLsV9ibvxvi6EiJ3bkqLAO1RGo0WbkWQiwpRlSFymTJRz0d3k5LM3kkx8ArDbLw==",
      "dev": true,
      "dependencies": {
        "@types/node": "*"
      }
    },
    "node_modules/builtin-modules": {
      "version": "3.2.0",
      "resolved": "https://registry.npmjs.org/builtin-modules/-/builtin-modules-3.2.0.tgz",
      "integrity": "sha512-lGzLKcioL90C7wMczpkY0n/oART3MbBa8R9OFGE1rJxoVI86u4WAGfEk8Wjv10eKSyTHVGkSo3bvBylCEtk7LA==",
      "dev": true,
      "engines": {
        "node": ">=6"
      },
      "funding": {
        "url": "https://github.com/sponsors/sindresorhus"
      }
    },
    "node_modules/deepmerge": {
      "version": "4.2.2",
      "resolved": "https://registry.npmjs.org/deepmerge/-/deepmerge-4.2.2.tgz",
      "integrity": "sha512-FJ3UgI4gIl+PHZm53knsuSFpE+nESMr7M4v9QcgB7S63Kj/6WqMiFQJpBBYz1Pt+66bZpP3Q7Lye0Oo9MPKEdg==",
      "dev": true,
      "engines": {
        "node": ">=0.10.0"
      }
    },
    "node_modules/estree-walker": {
      "version": "1.0.1",
      "resolved": "https://registry.npmjs.org/estree-walker/-/estree-walker-1.0.1.tgz",
      "integrity": "sha512-1fMXF3YP4pZZVozF8j/ZLfvnR8NSIljt56UhbZ5PeeDmmGHpgpdwQt7ITlGvYaQukCvuBRMLEiKiYC+oeIg4cg==",
      "dev": true
    },
    "node_modules/fsevents": {
      "version": "2.3.2",
      "resolved": "https://registry.npmjs.org/fsevents/-/fsevents-2.3.2.tgz",
      "integrity": "sha512-xiqMQR4xAeHTuB9uWm+fFRcIOgKBMiOBP+eXiyT7jsgVCq1bkVygt00oASowB7EdtpOHaaPgKt812P9ab+DDKA==",
      "dev": true,
      "hasInstallScript": true,
      "optional": true,
      "os": [
        "darwin"
      ],
      "peer": true,
      "engines": {
        "node": "^8.16.0 || ^10.6.0 || >=11.0.0"
      }
    },
    "node_modules/function-bind": {
      "version": "1.1.1",
      "resolved": "https://registry.npmjs.org/function-bind/-/function-bind-1.1.1.tgz",
      "integrity": "sha512-yIovAzMX49sF8Yl58fSCWJ5svSLuaibPxXQJFLmBObTuCr0Mf1KiPopGM9NiFjiYBCbfaa2Fh6breQ6ANVTI0A==",
      "dev": true
    },
    "node_modules/graft-web": {
      "resolved": "web",
      "link": true
    },
    "node_modules/has": {
      "version": "1.0.3",
      "resolved": "https://registry.npmjs.org/has/-/has-1.0.3.tgz",
      "integrity": "sha512-f2dvO0VU6Oej7RkWJGrehjbzMAjFp5/VKPp5tTpWIV4JHHZK1/BxbFRtf/siA2SWTe09caDmVtYYzWEIbBS4zw==",
      "dev": true,
      "dependencies": {
        "function-bind": "^1.1.1"
      },
      "engines": {
        "node": ">= 0.4.0"
      }
    },
    "node_modules/is-core-module": {
      "version": "2.5.0",
      "resolved": "https://registry.npmjs.org/is-core-module/-/is-core-module-2.5.0.tgz",
      "integrity": "sha512-TXCMSDsEHMEEZ6eCA8rwRDbLu55MRGmrctljsBX/2v1d9/GzqHOxW5c5oPSgrUt2vBFXebu9rGqckXGPWOlYpg==",
      "dev": true,
      "dependencies": {
        "has": "^1.0.3"
      },
      "funding": {
        "url": "https://github.com/sponsors/ljharb"
      }
    },
    "node_modules/is-module": {
      "version": "1.0.0",
      "resolved": "https://registry.npmjs.org/is-module/-/is-module-1.0.0.tgz",
      "integrity": "sha1-Mlj7afeMFNW4FdZkM2tM/7ZEFZE=",
      "dev": true
    },
    "node_modules/path-parse": {
      "version": "1.0.7",
      "resolved": "https://registry.npmjs.org/path-parse/-/path-parse-1.0.7.tgz",
      "integrity": "sha512-LDJzPVEEEPR+y48z93A0Ed0yXb8pAByGWo/k5YYdYgpY2/2EsOsksJrq7lOHxryrVOn1ejG6oAp8ahvOIQD8sw==",
      "dev": true
    },
    "node_modules/picomatch": {
      "version": "2.3.0",
      "resolved": "https://registry.npmjs.org/picomatch/-/picomatch-2.3.0.tgz",
      "integrity": "sha512-lY1Q/PiJGC2zOv/z391WOTD+Z02bCgsFfvxoXXf6h7kv9o+WmsmzYqrAwY63sNgOxE4xEdq0WyUnXfKeBrSvYw==",
      "dev": true,
      "engines": {
        "node": ">=8.6"
      },
      "funding": {
        "url": "https://github.com/sponsors/jonschlinkert"
      }
    },
    "node_modules/resolve": {
      "version": "1.20.0",
      "resolved": "https://registry.npmjs.org/resolve/-/resolve-1.20.0.tgz",
      "integrity": "sha512-wENBPt4ySzg4ybFQW2TT1zMQucPK95HSh/nq2CFTZVOGut2+pQvSsgtda4d26YrYcr067wjbmzOG8byDPBX63A==",
      "dev": true,
      "dependencies": {
        "is-core-module": "^2.2.0",
        "path-parse": "^1.0.6"
      },
      "funding": {
        "url": "https://github.com/sponsors/ljharb"
      }
    },
    "node_modules/rollup": {
      "version": "2.53.2",
      "resolved": "https://registry.npmjs.org/rollup/-/rollup-2.53.2.tgz",
      "integrity": "sha512-1CtEYuS5CRCzFZ7SNW5528SlDlk4VDXIRGwbm/2POQxA/G4+7/crIqJwkmnj8Q/74hGx4oVlNvh4E1CJQ5hZ6w==",
      "dev": true,
      "peer": true,
      "bin": {
        "rollup": "dist/bin/rollup"
      },
      "engines": {
        "node": ">=10.0.0"
      },
      "optionalDependencies": {
        "fsevents": "~2.3.2"
      }
    },
    "web": {
      "name": "graft-web",
      "version": "1.0.0",
      "devDependencies": {
        "@rollup/plugin-node-resolve": "^13.0.2",
        "rollup": "^2.53.1",
        "rollup-plugin-css-only": "^3.1.0",
        "rollup-plugin-svelte": "^7.1.0",
        "rollup-plugin-terser": "^7.0.2",
        "svelte": "^3.38.3"
      }
    },
    "web/node_modules/@babel/code-frame": {
      "version": "7.14.5",
      "dev": true,
      "license": "MIT",
      "dependencies": {
        "@babel/highlight": "^7.14.5"
      },
      "engines": {
        "node": ">=6.9.0"
      }
    },
    "web/node_modules/@babel/helper-validator-identifier": {
      "version": "7.14.5",
      "dev": true,
      "license": "MIT",
      "engines": {
        "node": ">=6.9.0"
      }
    },
    "web/node_modules/@babel/highlight": {
      "version": "7.14.5",
      "dev": true,
      "license": "MIT",
      "dependencies": {
        "@babel/helper-validator-identifier": "^7.14.5",
        "chalk": "^2.0.0",
        "js-tokens": "^4.0.0"
      },
      "engines": {
        "node": ">=6.9.0"
      }
    },
    "web/node_modules/@rollup/pluginutils": {
      "version": "4.1.0",
      "dev": true,
      "license": "MIT",
      "dependencies": {
        "estree-walker": "^2.0.1",
        "picomatch": "^2.2.2"
      },
      "engines": {
        "node": ">= 8.0.0"
      },
      "peerDependencies": {
        "rollup": "^1.20.0||^2.0.0"
      }
    },
    "web/node_modules/@rollup/pluginutils/node_modules/estree-walker": {
      "version": "2.0.2",
      "dev": true,
      "license": "MIT"
    },
    "web/node_modules/@types/node": {
      "version": "16.3.1",
      "dev": true,
      "license": "MIT"
    },
    "web/node_modules/ansi-styles": {
      "version": "3.2.1",
      "dev": true,
      "license": "MIT",
      "dependencies": {
        "color-convert": "^1.9.0"
      },
      "engines": {
        "node": ">=4"
      }
    },
    "web/node_modules/buffer-from": {
      "version": "1.1.1",
      "dev": true,
      "license": "MIT"
    },
    "web/node_modules/chalk": {
      "version": "2.4.2",
      "dev": true,
      "license": "MIT",
      "dependencies": {
        "ansi-styles": "^3.2.1",
        "escape-string-regexp": "^1.0.5",
        "supports-color": "^5.3.0"
      },
      "engines": {
        "node": ">=4"
      }
    },
    "web/node_modules/color-convert": {
      "version": "1.9.3",
      "dev": true,
      "license": "MIT",
      "dependencies": {
        "color-name": "1.1.3"
      }
    },
    "web/node_modules/color-name": {
      "version": "1.1.3",
      "dev": true,
      "license": "MIT"
    },
    "web/node_modules/commander": {
      "version": "2.20.3",
      "dev": true,
      "license": "MIT"
    },
    "web/node_modules/escape-string-regexp": {
      "version": "1.0.5",
      "dev": true,
      "license": "MIT",
      "engines": {
        "node": ">=0.8.0"
      }
    },
    "web/node_modules/estree-walker": {
      "version": "0.6.1",
      "dev": true,
      "license": "MIT"
    },
    "web/node_modules/fsevents": {
      "version": "2.3.2",
      "dev": true,
      "license": "MIT",
      "optional": true,
      "os": [
        "darwin"
      ],
      "engines": {
        "node": "^8.16.0 || ^10.6.0 || >=11.0.0"
      }
    },
    "web/node_modules/has-flag": {
      "version": "3.0.0",
      "dev": true,
      "license": "MIT",
      "engines": {
        "node": ">=4"
      }
    },
    "web/node_modules/jest-worker": {
      "version": "26.6.2",
      "dev": true,
      "license": "MIT",
      "dependencies": {
        "@types/node": "*",
        "merge-stream": "^2.0.0",
        "supports-color": "^7.0.0"
      },
      "engines": {
        "node": ">= 10.13.0"
      }
    },
    "web/node_modules/jest-worker/node_modules/has-flag": {
      "version": "4.0.0",
      "dev": true,
      "license": "MIT",
      "engines": {
        "node": ">=8"
      }
    },
    "web/node_modules/jest-worker/node_modules/supports-color": {
      "version": "7.2.0",
      "dev": true,
      "license": "MIT",
      "dependencies": {
        "has-flag": "^4.0.0"
      },
      "engines": {
        "node": ">=8"
      }
    },
    "web/node_modules/js-tokens": {
      "version": "4.0.0",
      "dev": true,
      "license": "MIT"
    },
    "web/node_modules/merge-stream": {
      "version": "2.0.0",
      "dev": true,
      "license": "MIT"
    },
    "web/node_modules/picomatch": {
      "version": "2.3.0",
      "dev": true,
      "license": "MIT",
      "engines": {
        "node": ">=8.6"
      },
      "funding": {
        "url": "https://github.com/sponsors/jonschlinkert"
      }
    },
    "web/node_modules/randombytes": {
      "version": "2.1.0",
      "dev": true,
      "license": "MIT",
      "dependencies": {
        "safe-buffer": "^5.1.0"
      }
    },
    "web/node_modules/require-relative": {
      "version": "0.8.7",
      "dev": true,
      "license": "MIT"
    },
    "web/node_modules/rollup": {
      "version": "2.53.1",
      "dev": true,
      "license": "MIT",
      "bin": {
        "rollup": "dist/bin/rollup"
      },
      "engines": {
        "node": ">=10.0.0"
      },
      "optionalDependencies": {
        "fsevents": "~2.3.2"
      }
    },
    "web/node_modules/rollup-plugin-css-only": {
      "version": "3.1.0",
      "dev": true,
      "license": "MIT",
      "dependencies": {
        "@rollup/pluginutils": "4"
      },
      "engines": {
        "node": ">=10.12.0"
      },
      "peerDependencies": {
        "rollup": "1 || 2"
      }
    },
    "web/node_modules/rollup-plugin-svelte": {
      "version": "7.1.0",
      "dev": true,
      "license": "MIT",
      "dependencies": {
        "require-relative": "^0.8.7",
        "rollup-pluginutils": "^2.8.2"
      },
      "engines": {
        "node": ">=10"
      },
      "peerDependencies": {
        "rollup": ">=2.0.0",
        "svelte": ">=3.5.0"
      }
    },
    "web/node_modules/rollup-plugin-terser": {
      "version": "7.0.2",
      "dev": true,
      "license": "MIT",
      "dependencies": {
        "@babel/code-frame": "^7.10.4",
        "jest-worker": "^26.2.1",
        "serialize-javascript": "^4.0.0",
        "terser": "^5.0.0"
      },
      "peerDependencies": {
        "rollup": "^2.0.0"
      }
    },
    "web/node_modules/rollup-pluginutils": {
      "version": "2.8.2",
      "dev": true,
      "license": "MIT",
      "dependencies": {
        "estree-walker": "^0.6.1"
      }
    },
    "web/node_modules/safe-buffer": {
      "version": "5.2.1",
      "dev": true,
      "funding": [
        {
          "type": "github",
          "url": "https://github.com/sponsors/feross"
        },
        {
          "type": "patreon",
          "url": "https://www.patreon.com/feross"
        },
        {
          "type": "consulting",
          "url": "https://feross.org/support"
        }
      ],
      "license": "MIT"
    },
    "web/node_modules/serialize-javascript": {
      "version": "4.0.0",
      "dev": true,
      "license": "BSD-3-Clause",
      "dependencies": {
        "randombytes": "^2.1.0"
      }
    },
    "web/node_modules/source-map": {
      "version": "0.7.3",
      "dev": true,
      "license": "BSD-3-Clause",
      "engines": {
        "node": ">= 8"
      }
    },
    "web/node_modules/source-map-support": {
      "version": "0.5.19",
      "dev": true,
      "license": "MIT",
      "dependencies": {
        "buffer-from": "^1.0.0",
        "source-map": "^0.6.0"
      }
    },
    "web/node_modules/source-map-support/node_modules/source-map": {
      "version": "0.6.1",
      "dev": true,
      "license": "BSD-3-Clause",
      "engines": {
        "node": ">=0.10.0"
      }
    },
    "web/node_modules/supports-color": {
      "version": "5.5.0",
      "dev": true,
      "license": "MIT",
      "dependencies": {
        "has-flag": "^3.0.0"
      },
      "engines": {
        "node": ">=4"
      }
    },
    "web/node_modules/svelte": {
      "version": "3.38.3",
      "dev": true,
      "license": "MIT",
      "engines": {
        "node": ">= 8"
      }
    },
    "web/node_modules/terser": {
      "version": "5.7.1",
      "dev": true,
      "license": "BSD-2-Clause",
      "dependencies": {
        "commander": "^2.20.0",
        "source-map": "~0.7.2",
        "source-map-support": "~0.5.19"
      },
      "bin": {
        "terser": "bin/terser"
      },
      "engines": {
        "node": ">=10"
      }
    }
  },
  "dependencies": {
    "@rollup/plugin-node-resolve": {
      "version": "13.0.2",
      "resolved": "https://registry.npmjs.org/@rollup/plugin-node-resolve/-/plugin-node-resolve-13.0.2.tgz",
      "integrity": "sha512-hv+eAMcA2hQ7qvPVcXbtIyc0dtue4jMyA2sCW4IMkrmh+SeDDEHg1MXTv65VPpKdtjvWzN3+4mHAEl4rT+zgzQ==",
      "dev": true,
      "requires": {
        "@rollup/pluginutils": "^3.1.0",
        "@types/resolve": "1.17.1",
        "builtin-modules": "^3.1.0",
        "deepmerge": "^4.2.2",
        "is-module": "^1.0.0",
        "resolve": "^1.19.0"
      }
    },
    "@rollup/pluginutils": {
      "version": "3.1.0",
      "resolved": "https://registry.npmjs.org/@rollup/pluginutils/-/pluginutils-3.1.0.tgz",
      "integrity": "sha512-GksZ6pr6TpIjHm8h9lSQ8pi8BE9VeubNT0OMJ3B5uZJ8pz73NPiqOtCog/x2/QzM1ENChPKxMDhiQuRHsqc+lg==",
      "dev": true,
      "requires": {
        "@types/estree": "0.0.39",
        "estree-walker": "^1.0.1",
        "picomatch": "^2.2.2"
      }
    },
    "@types/estree": {
      "version": "0.0.39",
      "resolved": "https://registry.npmjs.org/@types/estree/-/estree-0.0.39.tgz",
      "integrity": "sha512-EYNwp3bU+98cpU4lAWYYL7Zz+2gryWH1qbdDTidVd6hkiR6weksdbMadyXKXNPEkQFhXM+hVO9ZygomHXp+AIw==",
      "dev": true
    },
    "@types/node": {
      "version": "16.3.3",
      "resolved": "https://registry.npmjs.org/@types/node/-/node-16.3.3.tgz",
      "integrity": "sha512-8h7k1YgQKxKXWckzFCMfsIwn0Y61UK6tlD6y2lOb3hTOIMlK3t9/QwHOhc81TwU+RMf0As5fj7NPjroERCnejQ==",
      "dev": true
    },
    "@types/resolve": {
      "version": "1.17.1",
      "resolved": "https://registry.npmjs.org/@types/resolve/-/resolve-1.17.1.tgz",
      "integrity": "sha512-yy7HuzQhj0dhGpD8RLXSZWEkLsV9ibvxvi6EiJ3bkqLAO1RGo0WbkWQiwpRlSFymTJRz0d3k5LM3kkx8ArDbLw==",
      "dev": true,
      "requires": {
        "@types/node": "*"
      }
    },
    "builtin-modules": {
      "version": "3.2.0",
      "resolved": "https://registry.npmjs.org/builtin-modules/-/builtin-modules-3.2.0.tgz",
      "integrity": "sha512-lGzLKcioL90C7wMczpkY0n/oART3MbBa8R9OFGE1rJxoVI86u4WAGfEk8Wjv10eKSyTHVGkSo3bvBylCEtk7LA==",
      "dev": true
    },
    "deepmerge": {
      "version": "4.2.2",
      "resolved": "https://registry.npmjs.org/deepmerge/-/deepmerge-4.2.2.tgz",
      "integrity": "sha512-FJ3UgI4gIl+PHZm53knsuSFpE+nESMr7M4v9QcgB7S63Kj/6WqMiFQJpBBYz1Pt+66bZpP3Q7Lye0Oo9MPKEdg==",
      "dev": true
    },
    "estree-walker": {
      "version": "1.0.1",
      "resolved": "https://registry.npmjs.org/estree-walker/-/estree-walker-1.0.1.tgz",
      "integrity": "sha512-1fMXF3YP4pZZVozF8j/ZLfvnR8NSIljt56UhbZ5PeeDmmGHpgpdwQt7ITlGvYaQukCvuBRMLEiKiYC+oeIg4cg==",
      "dev": true
    },
    "fsevents": {
      "version": "2.3.2",
      "resolved": "https://registry.npmjs.org/fsevents/-/fsevents-2.3.2.tgz",
      "integrity": "sha512-xiqMQR4xAeHTuB9uWm+fFRcIOgKBMiOBP+eXiyT7jsgVCq1bkVygt00oASowB7EdtpOHaaPgKt812P9ab+DDKA==",
      "dev": true,
      "optional": true,
      "peer": true
    },
    "function-bind": {
      "version": "1.1.1",
      "resolved": "https://registry.npmjs.org/function-bind/-/function-bind-1.1.1.tgz",
      "integrity": "sha512-yIovAzMX49sF8Yl58fSCWJ5svSLuaibPxXQJFLmBObTuCr0Mf1KiPopGM9NiFjiYBCbfaa2Fh6breQ6ANVTI0A==",
      "dev": true
    },
    "graft-web": {
      "version": "file:web",
      "requires": {
        "@rollup/plugin-node-resolve": "^13.0.2",
        "rollup": "^2.53.1",
        "rollup-plugin-css-only": "^3.1.0",
        "rollup-plugin-svelte": "^7.1.0",
        "rollup-plugin-terser": "^7.0.2",
        "svelte": "^3.38.3"
      },
      "dependencies": {
        "@babel/code-frame": {
          "version": "7.14.5",
          "dev": true,
          "requires": {
            "@babel/highlight": "^7.14.5"
          }
        },
        "@babel/helper-validator-identifier": {
          "version": "7.14.5",
          "dev": true
        },
        "@babel/highlight": {
          "version": "7.14.5",
          "dev": true,
          "requires": {
            "@babel/helper-validator-identifier": "^7.14.5",
            "chalk": "^2.0.0",
            "js-tokens": "^4.0.0"
          }
        },
        "@rollup/pluginutils": {
          "version": "4.1.0",
          "dev": true,
          "requires": {
            "estree-walker": "^2.0.1",
            "picomatch": "^2.2.2"
          },
          "dependencies": {
            "estree-walker": {
              "version": "2.0.2",
              "dev": true
            }
          }
        },
        "@types/node": {
          "version": "16.3.1",
          "dev": true
        },
        "ansi-styles": {
          "version": "3.2.1",
          "dev": true,
          "requires": {
            "color-convert": "^1.9.0"
          }
        },
        "buffer-from": {
          "version": "1.1.1",
          "dev": true
        },
        "chalk": {
          "version": "2.4.2",
          "dev": true,
          "requires": {
            "ansi-styles": "^3.2.1",
            "escape-string-regexp": "^1.0.5",
            "supports-color": "^5.3.0"
          }
        },
        "color-convert": {
          "version": "1.9.3",
          "dev": true,
          "requires": {
            "color-name": "1.1.3"
          }
        },
        "color-name": {
          "version": "1.1.3",
          "dev": true
        },
        "commander": {
          "version": "2.20.3",
          "dev": true
        },
        "escape-string-regexp": {
          "version": "1.0.5",
          "dev": true
        },
        "estree-walker": {
          "version": "0.6.1",
          "dev": true
        },
        "fsevents": {
          "version": "2.3.2",
          "dev": true,
          "optional": true
        },
        "has-flag": {
          "version": "3.0.0",
          "dev": true
        },
        "jest-worker": {
          "version": "26.6.2",
          "dev": true,
          "requires": {
            "@types/node": "*",
            "merge-stream": "^2.0.0",
            "supports-color": "^7.0.0"
          },
          "dependencies": {
            "has-flag": {
              "version": "4.0.0",
              "dev": true
            },
            "supports-color": {
              "version": "7.2.0",
              "dev": true,
              "requires": {
                "has-flag": "^4.0.0"
              }
            }
          }
        },
        "js-tokens": {
          "version": "4.0.0",
          "dev": true
        },
        "merge-stream": {
          "version": "2.0.0",
          "dev": true
        },
        "picomatch": {
          "version": "2.3.0",
          "dev": true
        },
        "randombytes": {
          "version": "2.1.0",
          "dev": true,
          "requires": {
            "safe-buffer": "^5.1.0"
          }
        },
        "require-relative": {
          "version": "0.8.7",
          "dev": true
        },
        "rollup": {
          "version": "2.53.1",
          "dev": true,
          "requires": {
            "fsevents": "~2.3.2"
          }
        },
        "rollup-plugin-css-only": {
          "version": "3.1.0",
          "dev": true,
          "requires": {
            "@rollup/pluginutils": "4"
          }
        },
        "rollup-plugin-svelte": {
          "version": "7.1.0",
          "dev": true,
          "requires": {
            "require-relative": "^0.8.7",
            "rollup-pluginutils": "^2.8.2"
          }
        },
        "rollup-plugin-terser": {
          "version": "7.0.2",
          "dev": true,
          "requires": {
            "@babel/code-frame": "^7.10.4",
            "jest-worker": "^26.2.1",
            "serialize-javascript": "^4.0.0",
            "terser": "^5.0.0"
          }
        },
        "rollup-pluginutils": {
          "version": "2.8.2",
          "dev": true,
          "requires": {
            "estree-walker": "^0.6.1"
          }
        },
        "safe-buffer": {
          "version": "5.2.1",
          "dev": true
        },
        "serialize-javascript": {
          "version": "4.0.0",
          "dev": true,
          "requires": {
            "randombytes": "^2.1.0"
          }
        },
        "source-map": {
          "version": "0.7.3",
          "dev": true
        },
        "source-map-support": {
          "version": "0.5.19",
          "dev": true,
          "requires": {
            "buffer-from": "^1.0.0",
            "source-map": "^0.6.0"
          },
          "dependencies": {
            "source-map": {
              "version": "0.6.1",
              "dev": true
            }
          }
        },
        "supports-color": {
          "version": "5.5.0",
          "dev": true,
          "requires": {
            "has-flag": "^3.0.0"
          }
        },
        "svelte": {
          "version": "3.38.3",
          "dev": true
        },
        "terser": {
          "version": "5.7.1",
          "dev": true,
          "requires": {
            "commander": "^2.20.0",
            "source-map": "~0.7.2",
            "source-map-support": "~0.5.19"
          }
        }
      }
    },
    "has": {
      "version": "1.0.3",
      "resolved": "https://registry.npmjs.org/has/-/has-1.0.3.tgz",
      "integrity": "sha512-f2dvO0VU6Oej7RkWJGrehjbzMAjFp5/VKPp5tTpWIV4JHHZK1/BxbFRtf/siA2SWTe09caDmVtYYzWEIbBS4zw==",
      "dev": true,
      "requires": {
        "function-bind": "^1.1.1"
      }
    },
    "is-core-module": {
      "version": "2.5.0",
      "resolved": "https://registry.npmjs.org/is-core-module/-/is-core-module-2.5.0.tgz",
      "integrity": "sha512-TXCMSDsEHMEEZ6eCA8rwRDbLu55MRGmrctljsBX/2v1d9/GzqHOxW5c5oPSgrUt2vBFXebu9rGqckXGPWOlYpg==",
      "dev": true,
      "requires": {
        "has": "^1.0.3"
      }
    },
    "is-module": {
      "version": "1.0.0",
      "resolved": "https://registry.npmjs.org/is-module/-/is-module-1.0.0.tgz",
      "integrity": "sha1-Mlj7afeMFNW4FdZkM2tM/7ZEFZE=",
      "dev": true
    },
    "path-parse": {
      "version": "1.0.7",
      "resolved": "https://registry.npmjs.org/path-parse/-/path-parse-1.0.7.tgz",
      "integrity": "sha512-LDJzPVEEEPR+y48z93A0Ed0yXb8pAByGWo/k5YYdYgpY2/2EsOsksJrq7lOHxryrVOn1ejG6oAp8ahvOIQD8sw==",
      "dev": true
    },
    "picomatch": {
      "version": "2.3.0",
      "resolved": "https://registry.npmjs.org/picomatch/-/picomatch-2.3.0.tgz",
      "integrity": "sha512-lY1Q/PiJGC2zOv/z391WOTD+Z02bCgsFfvxoXXf6h7kv9o+WmsmzYqrAwY63sNgOxE4xEdq0WyUnXfKeBrSvYw==",
      "dev": true
    },
    "resolve": {
      "version": "1.20.0",
      "resolved": "https://registry.npmjs.org/resolve/-/resolve-1.20.0.tgz",
      "integrity": "sha512-wENBPt4ySzg4ybFQW2TT1zMQucPK95HSh/nq2CFTZVOGut2+pQvSsgtda4d26YrYcr067wjbmzOG8byDPBX63A==",
      "dev": true,
      "requires": {
        "is-core-module": "^2.2.0",
        "path-parse": "^1.0.6"
      }
    },
    "rollup": {
      "version": "2.53.2",
      "resolved": "https://registry.npmjs.org/rollup/-/rollup-2.53.2.tgz",
      "integrity": "sha512-1CtEYuS5CRCzFZ7SNW5528SlDlk4VDXIRGwbm/2POQxA/G4+7/crIqJwkmnj8Q/74hGx4oVlNvh4E1CJQ5hZ6w==",
      "dev": true,
      "peer": true,
      "requires": {
        "fsevents": "~2.3.2"
      }
    }
  }
}
